<?xml version="1.0" encoding="utf-8"?>
<Project ToolsVersion="4.0" xmlns="http://schemas.microsoft.com/developer/msbuild/2003">
  <ItemGroup>
    <Filter Include="Source Files">
      <UniqueIdentifier>{4FC737F1-C7A5-4376-A066-2A32D752A2FF}</UniqueIdentifier>
      <Extensions>cpp;c;cc;cxx;c++;cppm;ixx;def;odl;idl;hpj;bat;asm;asmx</Extensions>
    </Filter>
    <Filter Include="Header Files">
      <UniqueIdentifier>{93995380-89BD-4b04-88EB-625FBE52EBFB}</UniqueIdentifier>
      <Extensions>h;hh;hpp;hxx;h++;hm;inl;inc;ipp;xsd</Extensions>
    </Filter>
    <Filter Include="Resource Files">
      <UniqueIdentifier>{67DA6AB6-F800-4c08-8B7A-83BB121AAD01}</UniqueIdentifier>
      <Extensions>rc;ico;cur;bmp;dlg;rc2;rct;bin;rgs;gif;jpg;jpeg;jpe;resx;tiff;tif;png;wav;mfcribbon-ms</Extensions>
    </Filter>
  </ItemGroup>
  <ItemGroup>
    <ClCompile Include="Bahamut Engine.cpp">
      <Filter>Source Files</Filter>
    </ClCompile>
    <ClCompile Include="BHM_Collider.cpp">
      <Filter>Source Files</Filter>
    </ClCompile>
    <ClCompile Include="BHM_Component.cpp">
      <Filter>Source Files</Filter>
    </ClCompile>
    <ClCompile Include="BHM_Component_Queue_Bond.cpp">
      <Filter>Source Files</Filter>
    </ClCompile>
    <ClCompile Include="BHM_Concrete_Component.cpp">
      <Filter>Source Files</Filter>
    </ClCompile>
    <ClCompile Include="BHM_Config.cpp">
      <Filter>Source Files</Filter>
    </ClCompile>
    <ClCompile Include="BHM_Entity.cpp">
      <Filter>Source Files</Filter>
    </ClCompile>
    <ClCompile Include="BHM_Full_Sprite_Bond_Command.cpp">
      <Filter>Source Files</Filter>
    </ClCompile>
    <ClCompile Include="BHM_Init.cpp">
      <Filter>Source Files</Filter>
    </ClCompile>
    <ClCompile Include="BHM_Loop_Bond_Command.cpp">
      <Filter>Source Files</Filter>
    </ClCompile>
    <ClCompile Include="BHM_Object.cpp">
      <Filter>Source Files</Filter>
    </ClCompile>
    <ClCompile Include="BHM_Rectangle.cpp">
      <Filter>Source Files</Filter>
    </ClCompile>
    <ClCompile Include="BHM_Renderer.cpp">
      <Filter>Source Files</Filter>
    </ClCompile>
    <ClCompile Include="BHM_Renderer_Manager.cpp">
      <Filter>Source Files</Filter>
    </ClCompile>
    <ClCompile Include="BHM_Renderer_Set.cpp">
      <Filter>Source Files</Filter>
    </ClCompile>
    <ClCompile Include="BHM_Runner.cpp">
      <Filter>Source Files</Filter>
    </ClCompile>
    <ClCompile Include="BHM_SDL_GUI.cpp">
      <Filter>Source Files</Filter>
    </ClCompile>
    <ClCompile Include="BHM_Shape.cpp">
      <Filter>Source Files</Filter>
    </ClCompile>
    <ClCompile Include="BHM_Sprite.cpp">
      <Filter>Source Files</Filter>
    </ClCompile>
    <ClCompile Include="BHM_Texture.cpp">
      <Filter>Source Files</Filter>
    </ClCompile>
    <ClCompile Include="BHM_Vector2.cpp">
      <Filter>Source Files</Filter>
    </ClCompile>
    <ClCompile Include="MyComponent.cpp">
      <Filter>Source Files</Filter>
    </ClCompile>
    <ClCompile Include="MyRenderer.cpp">
      <Filter>Source Files</Filter>
    </ClCompile>
    <ClCompile Include="MyRM.cpp">
      <Filter>Source Files</Filter>
    </ClCompile>
    <ClCompile Include="MyRunner.cpp">
      <Filter>Source Files</Filter>
    </ClCompile>
  </ItemGroup>
  <ItemGroup>
    <ClInclude Include="Bahamut.hpp">
      <Filter>Header Files</Filter>
    </ClInclude>
    <ClInclude Include="BHM_Bond_Command.hpp">
      <Filter>Header Files</Filter>
    </ClInclude>
    <ClInclude Include="BHM_Collider.hpp">
      <Filter>Header Files</Filter>
    </ClInclude>
    <ClInclude Include="BHM_Common.hpp">
      <Filter>Header Files</Filter>
    </ClInclude>
    <ClInclude Include="BHM_Component.hpp">
      <Filter>Header Files</Filter>
    </ClInclude>
    <ClInclude Include="BHM_Component_Queue_Bond.hpp">
      <Filter>Header Files</Filter>
    </ClInclude>
    <ClInclude Include="BHM_Concrete_Component.hpp">
      <Filter>Header Files</Filter>
    </ClInclude>
    <ClInclude Include="BHM_Config.hpp">
      <Filter>Header Files</Filter>
    </ClInclude>
    <ClInclude Include="BHM_Entity.hpp">
      <Filter>Header Files</Filter>
    </ClInclude>
    <ClInclude Include="BHM_Full_Sprite_Bond_Command.hpp">
      <Filter>Header Files</Filter>
    </ClInclude>
    <ClInclude Include="BHM_Init.hpp">
      <Filter>Header Files</Filter>
    </ClInclude>
    <ClInclude Include="BHM_Loop_Bond_Command.hpp">
      <Filter>Header Files</Filter>
    </ClInclude>
    <ClInclude Include="BHM_Object.hpp">
      <Filter>Header Files</Filter>
    </ClInclude>
    <ClInclude Include="BHM_Rectangle.hpp">
      <Filter>Header Files</Filter>
    </ClInclude>
    <ClInclude Include="BHM_Renderer.hpp">
      <Filter>Header Files</Filter>
    </ClInclude>
    <ClInclude Include="BHM_Renderer_Manager.hpp">
      <Filter>Header Files</Filter>
    </ClInclude>
    <ClInclude Include="BHM_Renderer_Set.hpp">
      <Filter>Header Files</Filter>
    </ClInclude>
    <ClInclude Include="BHM_Runner.hpp">
      <Filter>Header Files</Filter>
    </ClInclude>
    <ClInclude Include="BHM_SDL_GUI.hpp">
      <Filter>Header Files</Filter>
    </ClInclude>
    <ClInclude Include="BHM_Shape.hpp">
      <Filter>Header Files</Filter>
    </ClInclude>
    <ClInclude Include="BHM_Sprite.hpp">
      <Filter>Header Files</Filter>
    </ClInclude>
    <ClInclude Include="BHM_Standard_GUI.hpp">
      <Filter>Header Files</Filter>
    </ClInclude>
    <ClInclude Include="BHM_Texture.hpp">
      <Filter>Header Files</Filter>
    </ClInclude>
    <ClInclude Include="BHM_Utils.hpp">
      <Filter>Header Files</Filter>
    </ClInclude>
    <ClInclude Include="BHM_Vector2.hpp">
      <Filter>Header Files</Filter>
    </ClInclude>
    <ClInclude Include="MyComponent.hpp">
      <Filter>Header Files</Filter>
    </ClInclude>
    <ClInclude Include="MyRenderer.hpp">
      <Filter>Header Files</Filter>
    </ClInclude>
    <ClInclude Include="MyRM.hpp">
      <Filter>Header Files</Filter>
    </ClInclude>
    <ClInclude Include="MyRunner.hpp">
      <Filter>Header Files</Filter>
    </ClInclude>
    <ClInclude Include="BHM_QueueType.hpp">
      <Filter>Header Files</Filter>
    </ClInclude>
  </ItemGroup>
</Project>