
Microsoft Visual Studio Solution File, Format Version 12.00
# Visual Studio Version 17
VisualStudioVersion = 17.0.32014.148
MinimumVisualStudioVersion = 10.0.40219.1
Project("{8BC9CEB8-8B4A-11D0-8D11-00A0C91BC942}") = "Bahamut Engine", "Bahamut Engine.vcxproj", "{081E3644-AAC3-43BC-8212-40588E272B31}"
EndProject
Global
	GlobalSection(SolutionConfigurationPlatforms) = preSolution
		Debug|x64 = Debug|x64
		Debug|x86 = Debug|x86
		Release|x64 = Release|x64
		Release|x86 = Release|x86
	EndGlobalSection
	GlobalSection(ProjectConfigurationPlatforms) = postSolution
		{081E3644-AAC3-43BC-8212-40588E272B31}.Debug|x64.ActiveCfg = Debug|x64
		{081E3644-AAC3-43BC-8212-40588E272B31}.Debug|x64.Build.0 = Debug|x64
		{081E3644-AAC3-43BC-8212-40588E272B31}.Debug|x86.ActiveCfg = Debug|Win32
		{081E3644-AAC3-43BC-8212-40588E272B31}.Debug|x86.Build.0 = Debug|Win32
		{081E3644-AAC3-43BC-8212-40588E272B31}.Release|x64.ActiveCfg = Release|x64
		{081E3644-AAC3-43BC-8212-40588E272B31}.Release|x64.Build.0 = Release|x64
		{081E3644-AAC3-43BC-8212-40588E272B31}.Release|x86.ActiveCfg = Release|Win32
		{081E3644-AAC3-43BC-8212-40588E272B31}.Release|x86.Build.0 = Release|Win32
	EndGlobalSection
	GlobalSection(SolutionProperties) = preSolution
		HideSolutionNode = FALSE
	EndGlobalSection
	GlobalSection(ExtensibilityGlobals) = postSolution
		SolutionGuid = {5524A248-ADE7-4A7C-98C6-89FFCB726205}
	EndGlobalSection
EndGlobal
